// !$*UTF8*$!
{
	archiveVersion = 1;
	classes = {
	};
	objectVersion = 55;
	objects = {

/* Begin PBXBuildFile section */
		4E1905EA27F3061C00C52EE6 /* LupinWeatherApp.swift in Sources */ = {isa = PBXBuildFile; fileRef = 4E1905E927F3061C00C52EE6 /* LupinWeatherApp.swift */; };
		4E1905EC27F3061C00C52EE6 /* ContentView.swift in Sources */ = {isa = PBXBuildFile; fileRef = 4E1905EB27F3061C00C52EE6 /* ContentView.swift */; };
		4E1905EE27F3061E00C52EE6 /* Assets.xcassets in Resources */ = {isa = PBXBuildFile; fileRef = 4E1905ED27F3061E00C52EE6 /* Assets.xcassets */; };
		4E1905F127F3061E00C52EE6 /* Preview Assets.xcassets in Resources */ = {isa = PBXBuildFile; fileRef = 4E1905F027F3061E00C52EE6 /* Preview Assets.xcassets */; };
		4E1905F927F3065B00C52EE6 /* Extensions.swift in Sources */ = {isa = PBXBuildFile; fileRef = 4E1905F827F3065B00C52EE6 /* Extensions.swift */; };
		4E1905FC27F31ACA00C52EE6 /* MovingBannerView.swift in Sources */ = {isa = PBXBuildFile; fileRef = 4E1905FB27F31ACA00C52EE6 /* MovingBannerView.swift */; };
		4E19061E2801B61500C52EE6 /* TitleView.swift in Sources */ = {isa = PBXBuildFile; fileRef = 4E19061D2801B61500C52EE6 /* TitleView.swift */; };
		4E1906202801B76700C52EE6 /* SwipeView.swift in Sources */ = {isa = PBXBuildFile; fileRef = 4E19061F2801B76700C52EE6 /* SwipeView.swift */; };
		4E1906402801DD7700C52EE6 /* RectPreference.swift in Sources */ = {isa = PBXBuildFile; fileRef = 4E19063D2801DD7700C52EE6 /* RectPreference.swift */; };
		4E1906412801DD7700C52EE6 /* SegmentedControlView.swift in Sources */ = {isa = PBXBuildFile; fileRef = 4E19063E2801DD7700C52EE6 /* SegmentedControlView.swift */; };
		4E1906422801DD7700C52EE6 /* UnderlineModifier.swift in Sources */ = {isa = PBXBuildFile; fileRef = 4E19063F2801DD7700C52EE6 /* UnderlineModifier.swift */; };
		4E190645280AAB8500C52EE6 /* LocationManager.swift in Sources */ = {isa = PBXBuildFile; fileRef = 4E190644280AAB8500C52EE6 /* LocationManager.swift */; };
		4E190647280AABA900C52EE6 /* WeatherManager.swift in Sources */ = {isa = PBXBuildFile; fileRef = 4E190646280AABA900C52EE6 /* WeatherManager.swift */; };
		4E7E0D45280ABE6F0045E50C /* LoadingView.swift in Sources */ = {isa = PBXBuildFile; fileRef = 4E7E0D44280ABE6F0045E50C /* LoadingView.swift */; };
/* End PBXBuildFile section */

/* Begin PBXFileReference section */
		4E1905E627F3061C00C52EE6 /* LupinWeather.app */ = {isa = PBXFileReference; explicitFileType = wrapper.application; includeInIndex = 0; path = LupinWeather.app; sourceTree = BUILT_PRODUCTS_DIR; };
		4E1905E927F3061C00C52EE6 /* LupinWeatherApp.swift */ = {isa = PBXFileReference; lastKnownFileType = sourcecode.swift; path = LupinWeatherApp.swift; sourceTree = "<group>"; };
		4E1905EB27F3061C00C52EE6 /* ContentView.swift */ = {isa = PBXFileReference; lastKnownFileType = sourcecode.swift; path = ContentView.swift; sourceTree = "<group>"; };
		4E1905ED27F3061E00C52EE6 /* Assets.xcassets */ = {isa = PBXFileReference; lastKnownFileType = folder.assetcatalog; path = Assets.xcassets; sourceTree = "<group>"; };
		4E1905F027F3061E00C52EE6 /* Preview Assets.xcassets */ = {isa = PBXFileReference; lastKnownFileType = folder.assetcatalog; path = "Preview Assets.xcassets"; sourceTree = "<group>"; };
		4E1905F227F3061E00C52EE6 /* LupinWeather.entitlements */ = {isa = PBXFileReference; lastKnownFileType = text.plist.entitlements; path = LupinWeather.entitlements; sourceTree = "<group>"; };
		4E1905F827F3065B00C52EE6 /* Extensions.swift */ = {isa = PBXFileReference; lastKnownFileType = sourcecode.swift; path = Extensions.swift; sourceTree = "<group>"; };
		4E1905FB27F31ACA00C52EE6 /* MovingBannerView.swift */ = {isa = PBXFileReference; lastKnownFileType = sourcecode.swift; path = MovingBannerView.swift; sourceTree = "<group>"; };
		4E19061D2801B61500C52EE6 /* TitleView.swift */ = {isa = PBXFileReference; lastKnownFileType = sourcecode.swift; path = TitleView.swift; sourceTree = "<group>"; };
		4E19061F2801B76700C52EE6 /* SwipeView.swift */ = {isa = PBXFileReference; lastKnownFileType = sourcecode.swift; path = SwipeView.swift; sourceTree = "<group>"; };
		4E19063D2801DD7700C52EE6 /* RectPreference.swift */ = {isa = PBXFileReference; fileEncoding = 4; lastKnownFileType = sourcecode.swift; path = RectPreference.swift; sourceTree = "<group>"; };
		4E19063E2801DD7700C52EE6 /* SegmentedControlView.swift */ = {isa = PBXFileReference; fileEncoding = 4; lastKnownFileType = sourcecode.swift; path = SegmentedControlView.swift; sourceTree = "<group>"; };
		4E19063F2801DD7700C52EE6 /* UnderlineModifier.swift */ = {isa = PBXFileReference; fileEncoding = 4; lastKnownFileType = sourcecode.swift; path = UnderlineModifier.swift; sourceTree = "<group>"; };
		4E190644280AAB8500C52EE6 /* LocationManager.swift */ = {isa = PBXFileReference; lastKnownFileType = sourcecode.swift; path = LocationManager.swift; sourceTree = "<group>"; };
		4E190646280AABA900C52EE6 /* WeatherManager.swift */ = {isa = PBXFileReference; lastKnownFileType = sourcecode.swift; path = WeatherManager.swift; sourceTree = "<group>"; };
		4E7E0D44280ABE6F0045E50C /* LoadingView.swift */ = {isa = PBXFileReference; lastKnownFileType = sourcecode.swift; path = LoadingView.swift; sourceTree = "<group>"; };
/* End PBXFileReference section */

/* Begin PBXFrameworksBuildPhase section */
		4E1905E327F3061C00C52EE6 /* Frameworks */ = {
			isa = PBXFrameworksBuildPhase;
			buildActionMask = 2147483647;
			files = (
			);
			runOnlyForDeploymentPostprocessing = 0;
		};
/* End PBXFrameworksBuildPhase section */

/* Begin PBXGroup section */
		4E1905DD27F3061C00C52EE6 = {
			isa = PBXGroup;
			children = (
				4E1905E827F3061C00C52EE6 /* LupinWeather */,
				4E1905E727F3061C00C52EE6 /* Products */,
			);
			sourceTree = "<group>";
		};
		4E1905E727F3061C00C52EE6 /* Products */ = {
			isa = PBXGroup;
			children = (
				4E1905E627F3061C00C52EE6 /* LupinWeather.app */,
			);
			name = Products;
			sourceTree = "<group>";
		};
		4E1905E827F3061C00C52EE6 /* LupinWeather */ = {
			isa = PBXGroup;
			children = (
				4E190643280AAB6F00C52EE6 /* Manager */,
				4E1905FA27F3068F00C52EE6 /* Views */,
				4E1905E927F3061C00C52EE6 /* LupinWeatherApp.swift */,
				4E1905F827F3065B00C52EE6 /* Extensions.swift */,
				4E1905ED27F3061E00C52EE6 /* Assets.xcassets */,
				4E1905F227F3061E00C52EE6 /* LupinWeather.entitlements */,
				4E1905EF27F3061E00C52EE6 /* Preview Content */,
			);
			path = LupinWeather;
			sourceTree = "<group>";
		};
		4E1905EF27F3061E00C52EE6 /* Preview Content */ = {
			isa = PBXGroup;
			children = (
				4E1905F027F3061E00C52EE6 /* Preview Assets.xcassets */,
			);
			path = "Preview Content";
			sourceTree = "<group>";
		};
		4E1905FA27F3068F00C52EE6 /* Views */ = {
			isa = PBXGroup;
			children = (
				4E1905EB27F3061C00C52EE6 /* ContentView.swift */,
				4E7E0D44280ABE6F0045E50C /* LoadingView.swift */,
				4E19061D2801B61500C52EE6 /* TitleView.swift */,
				4E19063E2801DD7700C52EE6 /* SegmentedControlView.swift */,
				4E19063D2801DD7700C52EE6 /* RectPreference.swift */,
				4E19063F2801DD7700C52EE6 /* UnderlineModifier.swift */,
				4E1905FB27F31ACA00C52EE6 /* MovingBannerView.swift */,
				4E19061F2801B76700C52EE6 /* SwipeView.swift */,
			);
			path = Views;
			sourceTree = "<group>";
		};
		4E190643280AAB6F00C52EE6 /* Manager */ = {
			isa = PBXGroup;
			children = (
				4E190644280AAB8500C52EE6 /* LocationManager.swift */,
				4E190646280AABA900C52EE6 /* WeatherManager.swift */,
			);
			path = Manager;
			sourceTree = "<group>";
		};
/* End PBXGroup section */

/* Begin PBXNativeTarget section */
		4E1905E527F3061C00C52EE6 /* LupinWeather */ = {
			isa = PBXNativeTarget;
			buildConfigurationList = 4E1905F527F3061E00C52EE6 /* Build configuration list for PBXNativeTarget "LupinWeather" */;
			buildPhases = (
				4E1905E227F3061C00C52EE6 /* Sources */,
				4E1905E327F3061C00C52EE6 /* Frameworks */,
				4E1905E427F3061C00C52EE6 /* Resources */,
			);
			buildRules = (
			);
			dependencies = (
			);
			name = LupinWeather;
			productName = LupinWeather;
			productReference = 4E1905E627F3061C00C52EE6 /* LupinWeather.app */;
			productType = "com.apple.product-type.application";
		};
/* End PBXNativeTarget section */

/* Begin PBXProject section */
		4E1905DE27F3061C00C52EE6 /* Project object */ = {
			isa = PBXProject;
			attributes = {
				BuildIndependentTargetsInParallel = 1;
				LastSwiftUpdateCheck = 1330;
				LastUpgradeCheck = 1330;
				TargetAttributes = {
					4E1905E527F3061C00C52EE6 = {
						CreatedOnToolsVersion = 13.3;
					};
				};
			};
			buildConfigurationList = 4E1905E127F3061C00C52EE6 /* Build configuration list for PBXProject "LupinWeather" */;
			compatibilityVersion = "Xcode 13.0";
			developmentRegion = en;
			hasScannedForEncodings = 0;
			knownRegions = (
				en,
				Base,
			);
			mainGroup = 4E1905DD27F3061C00C52EE6;
			productRefGroup = 4E1905E727F3061C00C52EE6 /* Products */;
			projectDirPath = "";
			projectRoot = "";
			targets = (
				4E1905E527F3061C00C52EE6 /* LupinWeather */,
			);
		};
/* End PBXProject section */

/* Begin PBXResourcesBuildPhase section */
		4E1905E427F3061C00C52EE6 /* Resources */ = {
			isa = PBXResourcesBuildPhase;
			buildActionMask = 2147483647;
			files = (
				4E1905F127F3061E00C52EE6 /* Preview Assets.xcassets in Resources */,
				4E1905EE27F3061E00C52EE6 /* Assets.xcassets in Resources */,
			);
			runOnlyForDeploymentPostprocessing = 0;
		};
/* End PBXResourcesBuildPhase section */

/* Begin PBXSourcesBuildPhase section */
		4E1905E227F3061C00C52EE6 /* Sources */ = {
			isa = PBXSourcesBuildPhase;
			buildActionMask = 2147483647;
			files = (
				4E1905EC27F3061C00C52EE6 /* ContentView.swift in Sources */,
				4E1905F927F3065B00C52EE6 /* Extensions.swift in Sources */,
				4E190645280AAB8500C52EE6 /* LocationManager.swift in Sources */,
				4E1905FC27F31ACA00C52EE6 /* MovingBannerView.swift in Sources */,
				4E1906402801DD7700C52EE6 /* RectPreference.swift in Sources */,
				4E7E0D45280ABE6F0045E50C /* LoadingView.swift in Sources */,
				4E1906202801B76700C52EE6 /* SwipeView.swift in Sources */,
				4E190647280AABA900C52EE6 /* WeatherManager.swift in Sources */,
				4E1906422801DD7700C52EE6 /* UnderlineModifier.swift in Sources */,
				4E1906412801DD7700C52EE6 /* SegmentedControlView.swift in Sources */,
				4E1905EA27F3061C00C52EE6 /* LupinWeatherApp.swift in Sources */,
				4E19061E2801B61500C52EE6 /* TitleView.swift in Sources */,
			);
			runOnlyForDeploymentPostprocessing = 0;
		};
/* End PBXSourcesBuildPhase section */

/* Begin XCBuildConfiguration section */
		4E1905F327F3061E00C52EE6 /* Debug */ = {
			isa = XCBuildConfiguration;
			buildSettings = {
				ALWAYS_SEARCH_USER_PATHS = NO;
				CLANG_ANALYZER_NONNULL = YES;
				CLANG_ANALYZER_NUMBER_OBJECT_CONVERSION = YES_AGGRESSIVE;
				CLANG_CXX_LANGUAGE_STANDARD = "gnu++17";
				CLANG_ENABLE_MODULES = YES;
				CLANG_ENABLE_OBJC_ARC = YES;
				CLANG_ENABLE_OBJC_WEAK = YES;
				CLANG_WARN_BLOCK_CAPTURE_AUTORELEASING = YES;
				CLANG_WARN_BOOL_CONVERSION = YES;
				CLANG_WARN_COMMA = YES;
				CLANG_WARN_CONSTANT_CONVERSION = YES;
				CLANG_WARN_DEPRECATED_OBJC_IMPLEMENTATIONS = YES;
				CLANG_WARN_DIRECT_OBJC_ISA_USAGE = YES_ERROR;
				CLANG_WARN_DOCUMENTATION_COMMENTS = YES;
				CLANG_WARN_EMPTY_BODY = YES;
				CLANG_WARN_ENUM_CONVERSION = YES;
				CLANG_WARN_INFINITE_RECURSION = YES;
				CLANG_WARN_INT_CONVERSION = YES;
				CLANG_WARN_NON_LITERAL_NULL_CONVERSION = YES;
				CLANG_WARN_OBJC_IMPLICIT_RETAIN_SELF = YES;
				CLANG_WARN_OBJC_LITERAL_CONVERSION = YES;
				CLANG_WARN_OBJC_ROOT_CLASS = YES_ERROR;
				CLANG_WARN_QUOTED_INCLUDE_IN_FRAMEWORK_HEADER = YES;
				CLANG_WARN_RANGE_LOOP_ANALYSIS = YES;
				CLANG_WARN_STRICT_PROTOTYPES = YES;
				CLANG_WARN_SUSPICIOUS_MOVE = YES;
				CLANG_WARN_UNGUARDED_AVAILABILITY = YES_AGGRESSIVE;
				CLANG_WARN_UNREACHABLE_CODE = YES;
				CLANG_WARN__DUPLICATE_METHOD_MATCH = YES;
				COPY_PHASE_STRIP = NO;
				DEBUG_INFORMATION_FORMAT = dwarf;
				ENABLE_STRICT_OBJC_MSGSEND = YES;
				ENABLE_TESTABILITY = YES;
				GCC_C_LANGUAGE_STANDARD = gnu11;
				GCC_DYNAMIC_NO_PIC = NO;
				GCC_NO_COMMON_BLOCKS = YES;
				GCC_OPTIMIZATION_LEVEL = 0;
				GCC_PREPROCESSOR_DEFINITIONS = (
					"DEBUG=1",
					"$(inherited)",
				);
				GCC_WARN_64_TO_32_BIT_CONVERSION = YES;
				GCC_WARN_ABOUT_RETURN_TYPE = YES_ERROR;
				GCC_WARN_UNDECLARED_SELECTOR = YES;
				GCC_WARN_UNINITIALIZED_AUTOS = YES_AGGRESSIVE;
				GCC_WARN_UNUSED_FUNCTION = YES;
				GCC_WARN_UNUSED_VARIABLE = YES;
				MACOSX_DEPLOYMENT_TARGET = 12.2;
				MTL_ENABLE_DEBUG_INFO = INCLUDE_SOURCE;
				MTL_FAST_MATH = YES;
				ONLY_ACTIVE_ARCH = YES;
				SDKROOT = macosx;
				SWIFT_ACTIVE_COMPILATION_CONDITIONS = DEBUG;
				SWIFT_OPTIMIZATION_LEVEL = "-Onone";
			};
			name = Debug;
		};
		4E1905F427F3061E00C52EE6 /* Release */ = {
			isa = XCBuildConfiguration;
			buildSettings = {
				ALWAYS_SEARCH_USER_PATHS = NO;
				CLANG_ANALYZER_NONNULL = YES;
				CLANG_ANALYZER_NUMBER_OBJECT_CONVERSION = YES_AGGRESSIVE;
				CLANG_CXX_LANGUAGE_STANDARD = "gnu++17";
				CLANG_ENABLE_MODULES = YES;
				CLANG_ENABLE_OBJC_ARC = YES;
				CLANG_ENABLE_OBJC_WEAK = YES;
				CLANG_WARN_BLOCK_CAPTURE_AUTORELEASING = YES;
				CLANG_WARN_BOOL_CONVERSION = YES;
				CLANG_WARN_COMMA = YES;
				CLANG_WARN_CONSTANT_CONVERSION = YES;
				CLANG_WARN_DEPRECATED_OBJC_IMPLEMENTATIONS = YES;
				CLANG_WARN_DIRECT_OBJC_ISA_USAGE = YES_ERROR;
				CLANG_WARN_DOCUMENTATION_COMMENTS = YES;
				CLANG_WARN_EMPTY_BODY = YES;
				CLANG_WARN_ENUM_CONVERSION = YES;
				CLANG_WARN_INFINITE_RECURSION = YES;
				CLANG_WARN_INT_CONVERSION = YES;
				CLANG_WARN_NON_LITERAL_NULL_CONVERSION = YES;
				CLANG_WARN_OBJC_IMPLICIT_RETAIN_SELF = YES;
				CLANG_WARN_OBJC_LITERAL_CONVERSION = YES;
				CLANG_WARN_OBJC_ROOT_CLASS = YES_ERROR;
				CLANG_WARN_QUOTED_INCLUDE_IN_FRAMEWORK_HEADER = YES;
				CLANG_WARN_RANGE_LOOP_ANALYSIS = YES;
				CLANG_WARN_STRICT_PROTOTYPES = YES;
				CLANG_WARN_SUSPICIOUS_MOVE = YES;
				CLANG_WARN_UNGUARDED_AVAILABILITY = YES_AGGRESSIVE;
				CLANG_WARN_UNREACHABLE_CODE = YES;
				CLANG_WARN__DUPLICATE_METHOD_MATCH = YES;
				COPY_PHASE_STRIP = NO;
				DEBUG_INFORMATION_FORMAT = "dwarf-with-dsym";
				ENABLE_NS_ASSERTIONS = NO;
				ENABLE_STRICT_OBJC_MSGSEND = YES;
				GCC_C_LANGUAGE_STANDARD = gnu11;
				GCC_NO_COMMON_BLOCKS = YES;
				GCC_WARN_64_TO_32_BIT_CONVERSION = YES;
				GCC_WARN_ABOUT_RETURN_TYPE = YES_ERROR;
				GCC_WARN_UNDECLARED_SELECTOR = YES;
				GCC_WARN_UNINITIALIZED_AUTOS = YES_AGGRESSIVE;
				GCC_WARN_UNUSED_FUNCTION = YES;
				GCC_WARN_UNUSED_VARIABLE = YES;
				MACOSX_DEPLOYMENT_TARGET = 12.2;
				MTL_ENABLE_DEBUG_INFO = NO;
				MTL_FAST_MATH = YES;
				SDKROOT = macosx;
				SWIFT_COMPILATION_MODE = wholemodule;
				SWIFT_OPTIMIZATION_LEVEL = "-O";
			};
			name = Release;
		};
		4E1905F627F3061E00C52EE6 /* Debug */ = {
			isa = XCBuildConfiguration;
			buildSettings = {
				ASSETCATALOG_COMPILER_APPICON_NAME = AppIcon;
				ASSETCATALOG_COMPILER_GLOBAL_ACCENT_COLOR_NAME = AccentColor;
				CODE_SIGN_ENTITLEMENTS = LupinWeather/LupinWeather.entitlements;
				CODE_SIGN_STYLE = Automatic;
				COMBINE_HIDPI_IMAGES = YES;
				CURRENT_PROJECT_VERSION = 1;
				DEVELOPMENT_ASSET_PATHS = "\"LupinWeather/Preview Content\"";
				DEVELOPMENT_TEAM = B44YL23J9X;
				ENABLE_HARDENED_RUNTIME = YES;
				ENABLE_PREVIEWS = YES;
				GENERATE_INFOPLIST_FILE = YES;
				INFOPLIST_KEY_NSHumanReadableCopyright = "";
				LD_RUNPATH_SEARCH_PATHS = (
					"$(inherited)",
					"@executable_path/../Frameworks",
				);
				MARKETING_VERSION = 1.0;
				PRODUCT_BUNDLE_IDENTIFIER = com.seosieve.LupinWeather;
				PRODUCT_NAME = "$(TARGET_NAME)";
				SWIFT_EMIT_LOC_STRINGS = YES;
				SWIFT_VERSION = 5.0;
			};
			name = Debug;
		};
		4E1905F727F3061E00C52EE6 /* Release */ = {
			isa = XCBuildConfiguration;
			buildSettings = {
				ASSETCATALOG_COMPILER_APPICON_NAME = AppIcon;
				ASSETCATALOG_COMPILER_GLOBAL_ACCENT_COLOR_NAME = AccentColor;
				CODE_SIGN_ENTITLEMENTS = LupinWeather/LupinWeather.entitlements;
				CODE_SIGN_STYLE = Automatic;
				COMBINE_HIDPI_IMAGES = YES;
				CURRENT_PROJECT_VERSION = 1;
				DEVELOPMENT_ASSET_PATHS = "\"LupinWeather/Preview Content\"";
				DEVELOPMENT_TEAM = B44YL23J9X;
				ENABLE_HARDENED_RUNTIME = YES;
				ENABLE_PREVIEWS = YES;
				GENERATE_INFOPLIST_FILE = YES;
				INFOPLIST_KEY_NSHumanReadableCopyright = "";
				LD_RUNPATH_SEARCH_PATHS = (
					"$(inherited)",
					"@executable_path/../Frameworks",
				);
				MARKETING_VERSION = 1.0;
				PRODUCT_BUNDLE_IDENTIFIER = com.seosieve.LupinWeather;
				PRODUCT_NAME = "$(TARGET_NAME)";
				SWIFT_EMIT_LOC_STRINGS = YES;
				SWIFT_VERSION = 5.0;
			};
			name = Release;
		};
/* End XCBuildConfiguration section */

/* Begin XCConfigurationList section */
		4E1905E127F3061C00C52EE6 /* Build configuration list for PBXProject "LupinWeather" */ = {
			isa = XCConfigurationList;
			buildConfigurations = (
				4E1905F327F3061E00C52EE6 /* Debug */,
				4E1905F427F3061E00C52EE6 /* Release */,
			);
			defaultConfigurationIsVisible = 0;
			defaultConfigurationName = Release;
		};
		4E1905F527F3061E00C52EE6 /* Build configuration list for PBXNativeTarget "LupinWeather" */ = {
			isa = XCConfigurationList;
			buildConfigurations = (
				4E1905F627F3061E00C52EE6 /* Debug */,
				4E1905F727F3061E00C52EE6 /* Release */,
			);
			defaultConfigurationIsVisible = 0;
			defaultConfigurationName = Release;
		};
/* End XCConfigurationList section */
	};
	rootObject = 4E1905DE27F3061C00C52EE6 /* Project object */;
}
